
Microsoft Visual Studio Solution File, Format Version 12.00
# Visual Studio Version 17
VisualStudioVersion = 17.8.34511.84
MinimumVisualStudioVersion = 10.0.40219.1
Project("{FAE04EC0-301F-11D3-BF4B-00C04F79EFBC}") = "WpfApp14", "WpfApp14\WpfApp14.csproj", "{09B9A3A0-E002-4773-9454-18F9D81C9C2E}"
EndProject
Global
	GlobalSection(SolutionConfigurationPlatforms) = preSolution
		Debug|Any CPU = Debug|Any CPU
		Release|Any CPU = Release|Any CPU
	EndGlobalSection
	GlobalSection(ProjectConfigurationPlatforms) = postSolution
		{09B9A3A0-E002-4773-9454-18F9D81C9C2E}.Debug|Any CPU.ActiveCfg = Debug|Any CPU
		{09B9A3A0-E002-4773-9454-18F9D81C9C2E}.Debug|Any CPU.Build.0 = Debug|Any CPU
		{09B9A3A0-E002-4773-9454-18F9D81C9C2E}.Release|Any CPU.ActiveCfg = Release|Any CPU
		{09B9A3A0-E002-4773-9454-18F9D81C9C2E}.Release|Any CPU.Build.0 = Release|Any CPU
	EndGlobalSection
	GlobalSection(SolutionProperties) = preSolution
		HideSolutionNode = FALSE
	EndGlobalSection
	GlobalSection(ExtensibilityGlobals) = postSolution
		SolutionGuid = {127BD300-1E7C-457E-9D99-AF482E398A1A}
	EndGlobalSection
EndGlobal
